
Microsoft Visual Studio Solution File, Format Version 12.00
# Visual Studio Version 17
VisualStudioVersion = 17.11.35327.3
MinimumVisualStudioVersion = 10.0.40219.1
Project("{FAE04EC0-301F-11D3-BF4B-00C04F79EFBC}") = "Ass", "Ass\Ass.csproj", "{BE2F4388-71EE-4F85-B93C-6FB518A9B3A1}"
EndProject
Global
	GlobalSection(SolutionConfigurationPlatforms) = preSolution
		Debug|Any CPU = Debug|Any CPU
		Release|Any CPU = Release|Any CPU
	EndGlobalSection
	GlobalSection(ProjectConfigurationPlatforms) = postSolution
		{BE2F4388-71EE-4F85-B93C-6FB518A9B3A1}.Debug|Any CPU.ActiveCfg = Debug|Any CPU
		{BE2F4388-71EE-4F85-B93C-6FB518A9B3A1}.Debug|Any CPU.Build.0 = Debug|Any CPU
		{BE2F4388-71EE-4F85-B93C-6FB518A9B3A1}.Release|Any CPU.ActiveCfg = Release|Any CPU
		{BE2F4388-71EE-4F85-B93C-6FB518A9B3A1}.Release|Any CPU.Build.0 = Release|Any CPU
	EndGlobalSection
	GlobalSection(SolutionProperties) = preSolution
		HideSolutionNode = FALSE
	EndGlobalSection
	GlobalSection(ExtensibilityGlobals) = postSolution
		SolutionGuid = {2484F303-1381-4D4F-9E3D-4DC760748452}
	EndGlobalSection
EndGlobal
