
Microsoft Visual Studio Solution File, Format Version 12.00
# Visual Studio Version 17
VisualStudioVersion = 17.9.34728.123
MinimumVisualStudioVersion = 10.0.40219.1
Project("{FAE04EC0-301F-11D3-BF4B-00C04F79EFBC}") = "Bài 2 b", "Bài 2 b\Bài 2 b.csproj", "{84396B84-2336-4F8E-8FF7-538E6D902980}"
EndProject
Global
	GlobalSection(SolutionConfigurationPlatforms) = preSolution
		Debug|Any CPU = Debug|Any CPU
		Release|Any CPU = Release|Any CPU
	EndGlobalSection
	GlobalSection(ProjectConfigurationPlatforms) = postSolution
		{84396B84-2336-4F8E-8FF7-538E6D902980}.Debug|Any CPU.ActiveCfg = Debug|Any CPU
		{84396B84-2336-4F8E-8FF7-538E6D902980}.Debug|Any CPU.Build.0 = Debug|Any CPU
		{84396B84-2336-4F8E-8FF7-538E6D902980}.Release|Any CPU.ActiveCfg = Release|Any CPU
		{84396B84-2336-4F8E-8FF7-538E6D902980}.Release|Any CPU.Build.0 = Release|Any CPU
	EndGlobalSection
	GlobalSection(SolutionProperties) = preSolution
		HideSolutionNode = FALSE
	EndGlobalSection
	GlobalSection(ExtensibilityGlobals) = postSolution
		SolutionGuid = {25981D59-1EA7-4BA1-81A4-DB894CD31D02}
	EndGlobalSection
EndGlobal
