
Microsoft Visual Studio Solution File, Format Version 12.00
# Visual Studio Version 17
VisualStudioVersion = 17.9.34728.123
MinimumVisualStudioVersion = 10.0.40219.1
Project("{FAE04EC0-301F-11D3-BF4B-00C04F79EFBC}") = "Bài 1", "Bài 1\Bài 1.csproj", "{9B2770CA-35E7-4480-A969-FAA9CD5E495D}"
EndProject
Global
	GlobalSection(SolutionConfigurationPlatforms) = preSolution
		Debug|Any CPU = Debug|Any CPU
		Release|Any CPU = Release|Any CPU
	EndGlobalSection
	GlobalSection(ProjectConfigurationPlatforms) = postSolution
		{9B2770CA-35E7-4480-A969-FAA9CD5E495D}.Debug|Any CPU.ActiveCfg = Debug|Any CPU
		{9B2770CA-35E7-4480-A969-FAA9CD5E495D}.Debug|Any CPU.Build.0 = Debug|Any CPU
		{9B2770CA-35E7-4480-A969-FAA9CD5E495D}.Release|Any CPU.ActiveCfg = Release|Any CPU
		{9B2770CA-35E7-4480-A969-FAA9CD5E495D}.Release|Any CPU.Build.0 = Release|Any CPU
	EndGlobalSection
	GlobalSection(SolutionProperties) = preSolution
		HideSolutionNode = FALSE
	EndGlobalSection
	GlobalSection(ExtensibilityGlobals) = postSolution
		SolutionGuid = {2DE7A6C7-D3DA-4DB4-8603-C4B7E0BF7FEB}
	EndGlobalSection
EndGlobal
