
Microsoft Visual Studio Solution File, Format Version 12.00
# Visual Studio Version 17
VisualStudioVersion = 17.9.34728.123
MinimumVisualStudioVersion = 10.0.40219.1
Project("{FAE04EC0-301F-11D3-BF4B-00C04F79EFBC}") = "Bài 1 c", "Bài 1 c\Bài 1 c.csproj", "{CDCB9DC4-7DAC-4A47-98CF-122FEF22F9B9}"
EndProject
Global
	GlobalSection(SolutionConfigurationPlatforms) = preSolution
		Debug|Any CPU = Debug|Any CPU
		Release|Any CPU = Release|Any CPU
	EndGlobalSection
	GlobalSection(ProjectConfigurationPlatforms) = postSolution
		{CDCB9DC4-7DAC-4A47-98CF-122FEF22F9B9}.Debug|Any CPU.ActiveCfg = Debug|Any CPU
		{CDCB9DC4-7DAC-4A47-98CF-122FEF22F9B9}.Debug|Any CPU.Build.0 = Debug|Any CPU
		{CDCB9DC4-7DAC-4A47-98CF-122FEF22F9B9}.Release|Any CPU.ActiveCfg = Release|Any CPU
		{CDCB9DC4-7DAC-4A47-98CF-122FEF22F9B9}.Release|Any CPU.Build.0 = Release|Any CPU
	EndGlobalSection
	GlobalSection(SolutionProperties) = preSolution
		HideSolutionNode = FALSE
	EndGlobalSection
	GlobalSection(ExtensibilityGlobals) = postSolution
		SolutionGuid = {95D2275E-D968-4CA1-B43A-9D3601B7F64F}
	EndGlobalSection
EndGlobal
