
Microsoft Visual Studio Solution File, Format Version 12.00
# Visual Studio Version 17
VisualStudioVersion = 17.9.34728.123
MinimumVisualStudioVersion = 10.0.40219.1
Project("{FAE04EC0-301F-11D3-BF4B-00C04F79EFBC}") = "Bài 1 b", "Bài 1 b\Bài 1 b.csproj", "{82262A65-C7B7-47C6-A9C8-4A2D914087ED}"
EndProject
Global
	GlobalSection(SolutionConfigurationPlatforms) = preSolution
		Debug|Any CPU = Debug|Any CPU
		Release|Any CPU = Release|Any CPU
	EndGlobalSection
	GlobalSection(ProjectConfigurationPlatforms) = postSolution
		{82262A65-C7B7-47C6-A9C8-4A2D914087ED}.Debug|Any CPU.ActiveCfg = Debug|Any CPU
		{82262A65-C7B7-47C6-A9C8-4A2D914087ED}.Debug|Any CPU.Build.0 = Debug|Any CPU
		{82262A65-C7B7-47C6-A9C8-4A2D914087ED}.Release|Any CPU.ActiveCfg = Release|Any CPU
		{82262A65-C7B7-47C6-A9C8-4A2D914087ED}.Release|Any CPU.Build.0 = Release|Any CPU
	EndGlobalSection
	GlobalSection(SolutionProperties) = preSolution
		HideSolutionNode = FALSE
	EndGlobalSection
	GlobalSection(ExtensibilityGlobals) = postSolution
		SolutionGuid = {856508AD-50BE-46D1-835D-FE79DF714B2E}
	EndGlobalSection
EndGlobal
