
Microsoft Visual Studio Solution File, Format Version 12.00
# Visual Studio Version 17
VisualStudioVersion = 17.9.34728.123
MinimumVisualStudioVersion = 10.0.40219.1
Project("{FAE04EC0-301F-11D3-BF4B-00C04F79EFBC}") = "Bài 2 a", "Bài 2 a\Bài 2 a.csproj", "{C963EFCE-81F4-4780-A140-5083281D6F63}"
EndProject
Global
	GlobalSection(SolutionConfigurationPlatforms) = preSolution
		Debug|Any CPU = Debug|Any CPU
		Release|Any CPU = Release|Any CPU
	EndGlobalSection
	GlobalSection(ProjectConfigurationPlatforms) = postSolution
		{C963EFCE-81F4-4780-A140-5083281D6F63}.Debug|Any CPU.ActiveCfg = Debug|Any CPU
		{C963EFCE-81F4-4780-A140-5083281D6F63}.Debug|Any CPU.Build.0 = Debug|Any CPU
		{C963EFCE-81F4-4780-A140-5083281D6F63}.Release|Any CPU.ActiveCfg = Release|Any CPU
		{C963EFCE-81F4-4780-A140-5083281D6F63}.Release|Any CPU.Build.0 = Release|Any CPU
	EndGlobalSection
	GlobalSection(SolutionProperties) = preSolution
		HideSolutionNode = FALSE
	EndGlobalSection
	GlobalSection(ExtensibilityGlobals) = postSolution
		SolutionGuid = {37A94703-3C34-4818-BA8B-8FBA5605B52B}
	EndGlobalSection
EndGlobal
