
Microsoft Visual Studio Solution File, Format Version 12.00
# Visual Studio Version 17
VisualStudioVersion = 17.9.34728.123
MinimumVisualStudioVersion = 10.0.40219.1
Project("{FAE04EC0-301F-11D3-BF4B-00C04F79EFBC}") = "Bài 1 a", "Bài 1 a\Bài 1 a.csproj", "{15ABEC4C-D9A4-4678-A6EE-470B64DFC726}"
EndProject
Global
	GlobalSection(SolutionConfigurationPlatforms) = preSolution
		Debug|Any CPU = Debug|Any CPU
		Release|Any CPU = Release|Any CPU
	EndGlobalSection
	GlobalSection(ProjectConfigurationPlatforms) = postSolution
		{15ABEC4C-D9A4-4678-A6EE-470B64DFC726}.Debug|Any CPU.ActiveCfg = Debug|Any CPU
		{15ABEC4C-D9A4-4678-A6EE-470B64DFC726}.Debug|Any CPU.Build.0 = Debug|Any CPU
		{15ABEC4C-D9A4-4678-A6EE-470B64DFC726}.Release|Any CPU.ActiveCfg = Release|Any CPU
		{15ABEC4C-D9A4-4678-A6EE-470B64DFC726}.Release|Any CPU.Build.0 = Release|Any CPU
	EndGlobalSection
	GlobalSection(SolutionProperties) = preSolution
		HideSolutionNode = FALSE
	EndGlobalSection
	GlobalSection(ExtensibilityGlobals) = postSolution
		SolutionGuid = {FA3E3C99-79BF-4A33-9B98-0EFAFB771197}
	EndGlobalSection
EndGlobal
